
Microsoft Visual Studio Solution File, Format Version 11.00
# Visual Studio 2010
Project("{FAE04EC0-301F-11D3-BF4B-00C04F79EFBC}") = "A Security Panel", "A Security Panel\A Security Panel.csproj", "{8B132298-CD32-43E7-BCA2-F8E0DB40EC18}"
EndProject
Global
	GlobalSection(SolutionConfigurationPlatforms) = preSolution
		Debug|Any CPU = Debug|Any CPU
		Release|Any CPU = Release|Any CPU
	EndGlobalSection
	GlobalSection(ProjectConfigurationPlatforms) = postSolution
		{8B132298-CD32-43E7-BCA2-F8E0DB40EC18}.Debug|Any CPU.ActiveCfg = Debug|Any CPU
		{8B132298-CD32-43E7-BCA2-F8E0DB40EC18}.Debug|Any CPU.Build.0 = Debug|Any CPU
		{8B132298-CD32-43E7-BCA2-F8E0DB40EC18}.Release|Any CPU.ActiveCfg = Release|Any CPU
		{8B132298-CD32-43E7-BCA2-F8E0DB40EC18}.Release|Any CPU.Build.0 = Release|Any CPU
	EndGlobalSection
	GlobalSection(SolutionProperties) = preSolution
		HideSolutionNode = FALSE
	EndGlobalSection
EndGlobal
