
Microsoft Visual Studio Solution File, Format Version 10.00
# Visual Studio 2008
Project("{FAE04EC0-301F-11D3-BF4B-00C04F79EFBC}") = "Cartons", "Cartons\Cartons.csproj", "{14D56E5A-C117-4BFF-AEEC-7DCE5B78135C}"
EndProject
Global
	GlobalSection(SolutionConfigurationPlatforms) = preSolution
		Debug|Any CPU = Debug|Any CPU
		Release|Any CPU = Release|Any CPU
	EndGlobalSection
	GlobalSection(ProjectConfigurationPlatforms) = postSolution
		{14D56E5A-C117-4BFF-AEEC-7DCE5B78135C}.Debug|Any CPU.ActiveCfg = Debug|Any CPU
		{14D56E5A-C117-4BFF-AEEC-7DCE5B78135C}.Debug|Any CPU.Build.0 = Debug|Any CPU
		{14D56E5A-C117-4BFF-AEEC-7DCE5B78135C}.Release|Any CPU.ActiveCfg = Release|Any CPU
		{14D56E5A-C117-4BFF-AEEC-7DCE5B78135C}.Release|Any CPU.Build.0 = Release|Any CPU
	EndGlobalSection
	GlobalSection(SolutionProperties) = preSolution
		HideSolutionNode = FALSE
	EndGlobalSection
EndGlobal
