
Microsoft Visual Studio Solution File, Format Version 10.00
# Visual Studio 2008
Project("{FAE04EC0-301F-11D3-BF4B-00C04F79EFBC}") = "A Calculator Project", "A Calculator Project\A Calculator Project.csproj", "{98E0D1B9-E123-487D-9C56-C1CB5E911133}"
EndProject
Global
	GlobalSection(SolutionConfigurationPlatforms) = preSolution
		Debug|Any CPU = Debug|Any CPU
		Release|Any CPU = Release|Any CPU
	EndGlobalSection
	GlobalSection(ProjectConfigurationPlatforms) = postSolution
		{98E0D1B9-E123-487D-9C56-C1CB5E911133}.Debug|Any CPU.ActiveCfg = Debug|Any CPU
		{98E0D1B9-E123-487D-9C56-C1CB5E911133}.Debug|Any CPU.Build.0 = Debug|Any CPU
		{98E0D1B9-E123-487D-9C56-C1CB5E911133}.Release|Any CPU.ActiveCfg = Release|Any CPU
		{98E0D1B9-E123-487D-9C56-C1CB5E911133}.Release|Any CPU.Build.0 = Release|Any CPU
	EndGlobalSection
	GlobalSection(SolutionProperties) = preSolution
		HideSolutionNode = FALSE
	EndGlobalSection
EndGlobal
